
Microsoft Visual Studio Solution File, Format Version 12.00
# Visual Studio Version 17
VisualStudioVersion = 17.0.31903.59
MinimumVisualStudioVersion = 10.0.40219.1
Project("{2150E333-8FDC-42A3-9474-1A3956D46DE8}") = "src", "src", "{05A36900-293D-459D-8CAC-C45D1B220308}"
EndProject
Project("{FAE04EC0-301F-11D3-BF4B-00C04F79EFBC}") = "Maltsev.TimeTracker.Application", "src\Maltsev.TimeTracker.Application\Maltsev.TimeTracker.Application.csproj", "{B9F22CE5-F680-4E1D-8F54-FFEE24B56A1A}"
EndProject
Project("{FAE04EC0-301F-11D3-BF4B-00C04F79EFBC}") = "Maltsev.TimeTracker.Infrastructure", "src\Maltsev.TimeTracker.Infrastructure\Maltsev.TimeTracker.Infrastructure.csproj", "{ADE7BAD1-4F1D-4DAC-88B6-58929A612724}"
EndProject
Global
	GlobalSection(SolutionConfigurationPlatforms) = preSolution
		Debug|Any CPU = Debug|Any CPU
		Release|Any CPU = Release|Any CPU
	EndGlobalSection
	GlobalSection(SolutionProperties) = preSolution
		HideSolutionNode = FALSE
	EndGlobalSection
	GlobalSection(NestedProjects) = preSolution
		{B9F22CE5-F680-4E1D-8F54-FFEE24B56A1A} = {05A36900-293D-459D-8CAC-C45D1B220308}
		{ADE7BAD1-4F1D-4DAC-88B6-58929A612724} = {05A36900-293D-459D-8CAC-C45D1B220308}
	EndGlobalSection
	GlobalSection(ProjectConfigurationPlatforms) = postSolution
		{B9F22CE5-F680-4E1D-8F54-FFEE24B56A1A}.Debug|Any CPU.ActiveCfg = Debug|Any CPU
		{B9F22CE5-F680-4E1D-8F54-FFEE24B56A1A}.Debug|Any CPU.Build.0 = Debug|Any CPU
		{B9F22CE5-F680-4E1D-8F54-FFEE24B56A1A}.Release|Any CPU.ActiveCfg = Release|Any CPU
		{B9F22CE5-F680-4E1D-8F54-FFEE24B56A1A}.Release|Any CPU.Build.0 = Release|Any CPU
		{ADE7BAD1-4F1D-4DAC-88B6-58929A612724}.Debug|Any CPU.ActiveCfg = Debug|Any CPU
		{ADE7BAD1-4F1D-4DAC-88B6-58929A612724}.Debug|Any CPU.Build.0 = Debug|Any CPU
		{ADE7BAD1-4F1D-4DAC-88B6-58929A612724}.Release|Any CPU.ActiveCfg = Release|Any CPU
		{ADE7BAD1-4F1D-4DAC-88B6-58929A612724}.Release|Any CPU.Build.0 = Release|Any CPU
	EndGlobalSection
EndGlobal
